
Microsoft Visual Studio Solution File, Format Version 12.00
# Visual Studio Version 17
VisualStudioVersion = 17.10.35027.167
MinimumVisualStudioVersion = 10.0.40219.1
Project("{FAE04EC0-301F-11D3-BF4B-00C04F79EFBC}") = "MauiAppMinhasCompras", "MauiAppMinhasCompras\MauiAppMinhasCompras.csproj", "{9CBEA9BF-96C3-4B50-BDAF-544503F1C056}"
EndProject
Global
	GlobalSection(SolutionConfigurationPlatforms) = preSolution
		Debug|Any CPU = Debug|Any CPU
		Release|Any CPU = Release|Any CPU
	EndGlobalSection
	GlobalSection(ProjectConfigurationPlatforms) = postSolution
		{9CBEA9BF-96C3-4B50-BDAF-544503F1C056}.Debug|Any CPU.ActiveCfg = Debug|Any CPU
		{9CBEA9BF-96C3-4B50-BDAF-544503F1C056}.Debug|Any CPU.Build.0 = Debug|Any CPU
		{9CBEA9BF-96C3-4B50-BDAF-544503F1C056}.Debug|Any CPU.Deploy.0 = Debug|Any CPU
		{9CBEA9BF-96C3-4B50-BDAF-544503F1C056}.Release|Any CPU.ActiveCfg = Release|Any CPU
		{9CBEA9BF-96C3-4B50-BDAF-544503F1C056}.Release|Any CPU.Build.0 = Release|Any CPU
		{9CBEA9BF-96C3-4B50-BDAF-544503F1C056}.Release|Any CPU.Deploy.0 = Release|Any CPU
	EndGlobalSection
	GlobalSection(SolutionProperties) = preSolution
		HideSolutionNode = FALSE
	EndGlobalSection
	GlobalSection(ExtensibilityGlobals) = postSolution
		SolutionGuid = {CCF789C8-0E19-4F6D-8212-7142E8786F85}
	EndGlobalSection
EndGlobal
